
Microsoft Visual Studio Solution File, Format Version 12.00
# Visual Studio Version 17
VisualStudioVersion = 17.9.34701.34
MinimumVisualStudioVersion = 10.0.40219.1
Project("{FAE04EC0-301F-11D3-BF4B-00C04F79EFBC}") = "Solution", "Solution\Solution.csproj", "{706A944E-BFF4-4ECC-9517-C8A9233AF948}"
EndProject
Global
	GlobalSection(SolutionConfigurationPlatforms) = preSolution
		Debug|Any CPU = Debug|Any CPU
		Release|Any CPU = Release|Any CPU
	EndGlobalSection
	GlobalSection(ProjectConfigurationPlatforms) = postSolution
		{706A944E-BFF4-4ECC-9517-C8A9233AF948}.Debug|Any CPU.ActiveCfg = Debug|Any CPU
		{706A944E-BFF4-4ECC-9517-C8A9233AF948}.Debug|Any CPU.Build.0 = Debug|Any CPU
		{706A944E-BFF4-4ECC-9517-C8A9233AF948}.Release|Any CPU.ActiveCfg = Release|Any CPU
		{706A944E-BFF4-4ECC-9517-C8A9233AF948}.Release|Any CPU.Build.0 = Release|Any CPU
	EndGlobalSection
	GlobalSection(SolutionProperties) = preSolution
		HideSolutionNode = FALSE
	EndGlobalSection
	GlobalSection(ExtensibilityGlobals) = postSolution
		SolutionGuid = {2F39F118-D1FB-4DF1-9286-8483EA265313}
	EndGlobalSection
EndGlobal
